version: 6
environments:
  default:
    channels:
    - url: https://conda.anaconda.org/conda-forge/
    indexes:
    - https://pypi.org/simple
    packages:
      linux-64:
      - conda: https://conda.anaconda.org/conda-forge/linux-64/_libgcc_mutex-0.1-conda_forge.tar.bz2
      - conda: https://conda.anaconda.org/conda-forge/linux-64/_openmp_mutex-4.5-2_gnu.tar.bz2
      - conda: https://conda.anaconda.org/conda-forge/linux-64/bzip2-1.0.8-h4bc722e_7.conda
      - conda: https://conda.anaconda.org/conda-forge/noarch/ca-certificates-2025.8.3-hbd8a1cb_0.conda
      - conda: https://conda.anaconda.org/conda-forge/linux-64/ld_impl_linux-64-2.44-h1423503_1.conda
      - conda: https://conda.anaconda.org/conda-forge/linux-64/libexpat-2.7.1-hecca717_0.conda
      - conda: https://conda.anaconda.org/conda-forge/linux-64/libffi-3.4.6-h2dba641_1.conda
      - conda: https://conda.anaconda.org/conda-forge/linux-64/libgcc-15.1.0-h767d61c_4.conda
      - conda: https://conda.anaconda.org/conda-forge/linux-64/libgcc-ng-15.1.0-h69a702a_4.conda
      - conda: https://conda.anaconda.org/conda-forge/linux-64/libgomp-15.1.0-h767d61c_4.conda
      - conda: https://conda.anaconda.org/conda-forge/linux-64/liblzma-5.8.1-hb9d3cd8_2.conda
      - conda: https://conda.anaconda.org/conda-forge/linux-64/libmpdec-4.0.0-hb9d3cd8_0.conda
      - conda: https://conda.anaconda.org/conda-forge/linux-64/libsqlite-3.50.4-h0c1763c_0.conda
      - conda: https://conda.anaconda.org/conda-forge/linux-64/libuuid-2.38.1-h0b41bf4_0.conda
      - conda: https://conda.anaconda.org/conda-forge/linux-64/libzlib-1.3.1-hb9d3cd8_2.conda
      - conda: https://conda.anaconda.org/conda-forge/linux-64/ncurses-6.5-h2d0b736_3.conda
      - conda: https://conda.anaconda.org/conda-forge/linux-64/openssl-3.5.2-h26f9b46_0.conda
      - conda: https://conda.anaconda.org/conda-forge/linux-64/python-3.13.5-hec9711d_102_cp313.conda
      - conda: https://conda.anaconda.org/conda-forge/noarch/python_abi-3.13-8_cp313.conda
      - conda: https://conda.anaconda.org/conda-forge/linux-64/readline-8.2-h8c095d6_2.conda
      - conda: https://conda.anaconda.org/conda-forge/linux-64/tk-8.6.13-noxft_hd72426e_102.conda
      - conda: https://conda.anaconda.org/conda-forge/noarch/tzdata-2025b-h78e105d_0.conda
      - pypi: https://files.pythonhosted.org/packages/c9/a4/118035f807d9396a4b9b339f5ac3db896a162c2e6b0fe8750fc1dcf700e4/bitarray-3.6.1-cp313-cp313-manylinux_2_17_x86_64.manylinux2014_x86_64.whl
      - pypi: https://files.pythonhosted.org/packages/75/2d/174566b533755ddf8efb32a5503af61c756a983de379f8ad3aed6a982d38/bitstring-4.3.1-py3-none-any.whl
      - pypi: https://files.pythonhosted.org/packages/26/9f/1aab65a6c0db35f43c4d1b4f580e8df53914310afc10ae0397d29d697af4/cffi-1.17.1-cp313-cp313-manylinux_2_17_x86_64.manylinux2014_x86_64.whl
      - pypi: https://files.pythonhosted.org/packages/7e/d4/7ebdbd03970677812aac39c869717059dbb71a4cfc033ca6e5221787892c/click-8.1.8-py3-none-any.whl
      - pypi: https://files.pythonhosted.org/packages/79/62/120842ab20d9150a9d3a6bdc07fe2870384e82f5266d41c53b08a3a96b34/cryptography-45.0.6-cp311-abi3-manylinux_2_28_x86_64.whl
      - pypi: https://files.pythonhosted.org/packages/7e/94/4f3057d92c8e16db8c48ade626dcabb172031756bcee3a29c4bd614f4ff3/esptool-5.0.1.tar.gz
      - pypi: https://files.pythonhosted.org/packages/97/78/79461288da2b13ed0a13deb65c4ad1428acb674b95278fa9abf1cefe62a2/intelhex-2.3.0-py2.py3-none-any.whl
      - pypi: https://files.pythonhosted.org/packages/94/54/e7d793b573f298e1c9013b8c4dade17d481164aa517d1d7148619c2cedbf/markdown_it_py-4.0.0-py3-none-any.whl
      - pypi: https://files.pythonhosted.org/packages/b3/38/89ba8ad64ae25be8de66a6d463314cf1eb366222074cfda9ee839c56a4b4/mdurl-0.1.2-py3-none-any.whl
      - pypi: https://files.pythonhosted.org/packages/ff/77/d43d7bf9aa637c7b2788c48fc4eb131a9bb4cb24568297453c2537fd621d/mpremote-1.25.0-py3-none-any.whl
      - pypi: https://files.pythonhosted.org/packages/de/5d/e874654a6b418f1359d79f0111c53355834a73a18d175c9294ff8081feba/mpy_cross-1.23.0-py2.py3-none-manylinux1_x86_64.whl
      - pypi: https://files.pythonhosted.org/packages/13/a3/a812df4e2dd5696d1f351d58b8fe16a405b234ad2886a0dab9183fb78109/pycparser-2.22-py3-none-any.whl
      - pypi: https://files.pythonhosted.org/packages/c7/21/705964c7812476f378728bdf590ca4b771ec72385c533964653c68e86bdc/pygments-2.19.2-py3-none-any.whl
      - pypi: https://files.pythonhosted.org/packages/07/bc/587a445451b253b285629263eb51c2d8e9bcea4fc97826266d186f96f558/pyserial-3.5-py2.py3-none-any.whl
      - pypi: https://files.pythonhosted.org/packages/04/24/b7721e4845c2f162d26f50521b825fb061bc0a5afcf9a386840f23ea19fa/PyYAML-6.0.2-cp313-cp313-manylinux_2_17_x86_64.manylinux2014_x86_64.whl
      - pypi: https://files.pythonhosted.org/packages/09/19/1bb346c0e581557c88946d2bb979b2bee8992e72314cfb418b5440e383db/reedsolo-1.7.0-py3-none-any.whl
      - pypi: https://files.pythonhosted.org/packages/e3/30/3c4d035596d3cf444529e0b2953ad0466f6049528a879d27534700580395/rich-14.1.0-py3-none-any.whl
      - pypi: https://files.pythonhosted.org/packages/b6/c2/9fce4c8a9587c4e90500114d742fe8ef0fd92d7bad29d136bb9941add271/rich_click-1.8.9-py3-none-any.whl
      - pypi: https://files.pythonhosted.org/packages/b5/00/d631e67a838026495268c2f6884f3711a15a9a2a96cd244fdaea53b823fb/typing_extensions-4.14.1-py3-none-any.whl
      osx-arm64:
      - conda: https://conda.anaconda.org/conda-forge/osx-arm64/bzip2-1.0.8-h99b78c6_7.conda
      - conda: https://conda.anaconda.org/conda-forge/noarch/ca-certificates-2025.8.3-hbd8a1cb_0.conda
      - conda: https://conda.anaconda.org/conda-forge/osx-arm64/icu-75.1-hfee45f7_0.conda
      - conda: https://conda.anaconda.org/conda-forge/osx-arm64/libexpat-2.7.1-hec049ff_0.conda
      - conda: https://conda.anaconda.org/conda-forge/osx-arm64/libffi-3.4.6-h1da3d7d_1.conda
      - conda: https://conda.anaconda.org/conda-forge/osx-arm64/liblzma-5.8.1-h39f12f2_2.conda
      - conda: https://conda.anaconda.org/conda-forge/osx-arm64/libmpdec-4.0.0-h5505292_0.conda
      - conda: https://conda.anaconda.org/conda-forge/osx-arm64/libsqlite-3.50.4-h4237e3c_0.conda
      - conda: https://conda.anaconda.org/conda-forge/osx-arm64/libzlib-1.3.1-h8359307_2.conda
      - conda: https://conda.anaconda.org/conda-forge/osx-arm64/ncurses-6.5-h5e97a16_3.conda
      - conda: https://conda.anaconda.org/conda-forge/osx-arm64/openssl-3.5.2-he92f556_0.conda
      - conda: https://conda.anaconda.org/conda-forge/osx-arm64/python-3.13.5-hf3f3da0_102_cp313.conda
      - conda: https://conda.anaconda.org/conda-forge/noarch/python_abi-3.13-8_cp313.conda
      - conda: https://conda.anaconda.org/conda-forge/osx-arm64/readline-8.2-h1d1bf99_2.conda
      - conda: https://conda.anaconda.org/conda-forge/osx-arm64/tk-8.6.13-h892fb3f_2.conda
      - conda: https://conda.anaconda.org/conda-forge/noarch/tzdata-2025b-h78e105d_0.conda
      - pypi: https://files.pythonhosted.org/packages/01/13/d79d0db69933b826235168619c13ee3ec1ca6fba63e6833616230675b10e/bitarray-3.6.1-cp313-cp313-macosx_11_0_arm64.whl
      - pypi: https://files.pythonhosted.org/packages/75/2d/174566b533755ddf8efb32a5503af61c756a983de379f8ad3aed6a982d38/bitstring-4.3.1-py3-none-any.whl
      - pypi: https://files.pythonhosted.org/packages/8b/f1/672d303ddf17c24fc83afd712316fda78dc6fce1cd53011b839483e1ecc8/cffi-1.17.1-cp313-cp313-macosx_11_0_arm64.whl
      - pypi: https://files.pythonhosted.org/packages/7e/d4/7ebdbd03970677812aac39c869717059dbb71a4cfc033ca6e5221787892c/click-8.1.8-py3-none-any.whl
      - pypi: https://files.pythonhosted.org/packages/8c/29/2793d178d0eda1ca4a09a7c4e09a5185e75738cc6d526433e8663b460ea6/cryptography-45.0.6-cp311-abi3-macosx_10_9_universal2.whl
      - pypi: https://files.pythonhosted.org/packages/7e/94/4f3057d92c8e16db8c48ade626dcabb172031756bcee3a29c4bd614f4ff3/esptool-5.0.1.tar.gz
      - pypi: https://files.pythonhosted.org/packages/97/78/79461288da2b13ed0a13deb65c4ad1428acb674b95278fa9abf1cefe62a2/intelhex-2.3.0-py2.py3-none-any.whl
      - pypi: https://files.pythonhosted.org/packages/94/54/e7d793b573f298e1c9013b8c4dade17d481164aa517d1d7148619c2cedbf/markdown_it_py-4.0.0-py3-none-any.whl
      - pypi: https://files.pythonhosted.org/packages/b3/38/89ba8ad64ae25be8de66a6d463314cf1eb366222074cfda9ee839c56a4b4/mdurl-0.1.2-py3-none-any.whl
      - pypi: https://files.pythonhosted.org/packages/ff/77/d43d7bf9aa637c7b2788c48fc4eb131a9bb4cb24568297453c2537fd621d/mpremote-1.25.0-py3-none-any.whl
      - pypi: https://files.pythonhosted.org/packages/d5/2d/815550c13704f75894c5aba27724038dff602ec34269eafa44485a8d2c42/mpy_cross-1.23.0-py2.py3-none-macosx_11_0_universal2.whl
      - pypi: https://files.pythonhosted.org/packages/13/a3/a812df4e2dd5696d1f351d58b8fe16a405b234ad2886a0dab9183fb78109/pycparser-2.22-py3-none-any.whl
      - pypi: https://files.pythonhosted.org/packages/c7/21/705964c7812476f378728bdf590ca4b771ec72385c533964653c68e86bdc/pygments-2.19.2-py3-none-any.whl
      - pypi: https://files.pythonhosted.org/packages/07/bc/587a445451b253b285629263eb51c2d8e9bcea4fc97826266d186f96f558/pyserial-3.5-py2.py3-none-any.whl
      - pypi: https://files.pythonhosted.org/packages/45/9f/3b1c20a0b7a3200524eb0076cc027a970d320bd3a6592873c85c92a08731/PyYAML-6.0.2-cp313-cp313-macosx_11_0_arm64.whl
      - pypi: https://files.pythonhosted.org/packages/09/19/1bb346c0e581557c88946d2bb979b2bee8992e72314cfb418b5440e383db/reedsolo-1.7.0-py3-none-any.whl
      - pypi: https://files.pythonhosted.org/packages/e3/30/3c4d035596d3cf444529e0b2953ad0466f6049528a879d27534700580395/rich-14.1.0-py3-none-any.whl
      - pypi: https://files.pythonhosted.org/packages/b6/c2/9fce4c8a9587c4e90500114d742fe8ef0fd92d7bad29d136bb9941add271/rich_click-1.8.9-py3-none-any.whl
      - pypi: https://files.pythonhosted.org/packages/b5/00/d631e67a838026495268c2f6884f3711a15a9a2a96cd244fdaea53b823fb/typing_extensions-4.14.1-py3-none-any.whl
packages:
- conda: https://conda.anaconda.org/conda-forge/linux-64/_libgcc_mutex-0.1-conda_forge.tar.bz2
  sha256: fe51de6107f9edc7aa4f786a70f4a883943bc9d39b3bb7307c04c41410990726
  md5: d7c89558ba9fa0495403155b64376d81
  license: None
  purls: []
  size: 2562
  timestamp: 1578324546067
- conda: https://conda.anaconda.org/conda-forge/linux-64/_openmp_mutex-4.5-2_gnu.tar.bz2
  build_number: 16
  sha256: fbe2c5e56a653bebb982eda4876a9178aedfc2b545f25d0ce9c4c0b508253d22
  md5: 73aaf86a425cc6e73fcf236a5a46396d
  depends:
  - _libgcc_mutex 0.1 conda_forge
  - libgomp >=7.5.0
  constrains:
  - openmp_impl 9999
  license: BSD-3-Clause
  license_family: BSD
  purls: []
  size: 23621
  timestamp: 1650670423406
- pypi: https://files.pythonhosted.org/packages/01/13/d79d0db69933b826235168619c13ee3ec1ca6fba63e6833616230675b10e/bitarray-3.6.1-cp313-cp313-macosx_11_0_arm64.whl
  name: bitarray
  version: 3.6.1
  sha256: 357f6c07cb3116a2d4a917fd4f54727f1b71102f5e316c2d4c9fe26ec3dfd8e9
- pypi: https://files.pythonhosted.org/packages/c9/a4/118035f807d9396a4b9b339f5ac3db896a162c2e6b0fe8750fc1dcf700e4/bitarray-3.6.1-cp313-cp313-manylinux_2_17_x86_64.manylinux2014_x86_64.whl
  name: bitarray
  version: 3.6.1
  sha256: c277f6a1cbfdedcec704add6ff2ace89b56a29c1955f2441a7fd2fbde410f791
- pypi: https://files.pythonhosted.org/packages/75/2d/174566b533755ddf8efb32a5503af61c756a983de379f8ad3aed6a982d38/bitstring-4.3.1-py3-none-any.whl
  name: bitstring
  version: 4.3.1
  sha256: 69d1587f0ac18dc7d93fc7e80d5f447161a33e57027e726dc18a0a8bacf1711a
  requires_dist:
  - bitarray>=3.0.0,<4.0
  requires_python: '>=3.8'
- conda: https://conda.anaconda.org/conda-forge/linux-64/bzip2-1.0.8-h4bc722e_7.conda
  sha256: 5ced96500d945fb286c9c838e54fa759aa04a7129c59800f0846b4335cee770d
  md5: 62ee74e96c5ebb0af99386de58cf9553
  depends:
  - __glibc >=2.17,<3.0.a0
  - libgcc-ng >=12
  license: bzip2-1.0.6
  license_family: BSD
  purls: []
  size: 252783
  timestamp: 1720974456583
- conda: https://conda.anaconda.org/conda-forge/osx-arm64/bzip2-1.0.8-h99b78c6_7.conda
  sha256: adfa71f158cbd872a36394c56c3568e6034aa55c623634b37a4836bd036e6b91
  md5: fc6948412dbbbe9a4c9ddbbcfe0a79ab
  depends:
  - __osx >=11.0
  license: bzip2-1.0.6
  license_family: BSD
  purls: []
  size: 122909
  timestamp: 1720974522888
- conda: https://conda.anaconda.org/conda-forge/noarch/ca-certificates-2025.8.3-hbd8a1cb_0.conda
  sha256: 837b795a2bb39b75694ba910c13c15fa4998d4bb2a622c214a6a5174b2ae53d1
  md5: 74784ee3d225fc3dca89edb635b4e5cc
  depends:
  - __unix
  license: ISC
  purls: []
  size: 154402
  timestamp: 1754210968730
- pypi: https://files.pythonhosted.org/packages/26/9f/1aab65a6c0db35f43c4d1b4f580e8df53914310afc10ae0397d29d697af4/cffi-1.17.1-cp313-cp313-manylinux_2_17_x86_64.manylinux2014_x86_64.whl
  name: cffi
  version: 1.17.1
  sha256: dd398dbc6773384a17fe0d3e7eeb8d1a21c2200473ee6806bb5e6a8e62bb73dd
  requires_dist:
  - pycparser
  requires_python: '>=3.8'
- pypi: https://files.pythonhosted.org/packages/8b/f1/672d303ddf17c24fc83afd712316fda78dc6fce1cd53011b839483e1ecc8/cffi-1.17.1-cp313-cp313-macosx_11_0_arm64.whl
  name: cffi
  version: 1.17.1
  sha256: 0984a4925a435b1da406122d4d7968dd861c1385afe3b45ba82b750f229811e2
  requires_dist:
  - pycparser
  requires_python: '>=3.8'
- pypi: https://files.pythonhosted.org/packages/7e/d4/7ebdbd03970677812aac39c869717059dbb71a4cfc033ca6e5221787892c/click-8.1.8-py3-none-any.whl
  name: click
  version: 8.1.8
  sha256: 63c132bbbed01578a06712a2d1f497bb62d9c1c0d329b7903a866228027263b2
  requires_dist:
  - colorama ; sys_platform == 'win32'
  - importlib-metadata ; python_full_version < '3.8'
  requires_python: '>=3.7'
- pypi: https://files.pythonhosted.org/packages/79/62/120842ab20d9150a9d3a6bdc07fe2870384e82f5266d41c53b08a3a96b34/cryptography-45.0.6-cp311-abi3-manylinux_2_28_x86_64.whl
  name: cryptography
  version: 45.0.6
  sha256: 1b7fa6a1c1188c7ee32e47590d16a5a0646270921f8020efc9a511648e1b2e08
  requires_dist:
  - cffi>=1.14 ; platform_python_implementation != 'PyPy'
  - bcrypt>=3.1.5 ; extra == 'ssh'
  - nox>=2024.4.15 ; extra == 'nox'
  - nox[uv]>=2024.3.2 ; python_full_version >= '3.8' and extra == 'nox'
  - cryptography-vectors==45.0.6 ; extra == 'test'
  - pytest>=7.4.0 ; extra == 'test'
  - pytest-benchmark>=4.0 ; extra == 'test'
  - pytest-cov>=2.10.1 ; extra == 'test'
  - pytest-xdist>=3.5.0 ; extra == 'test'
  - pretend>=0.7 ; extra == 'test'
  - certifi>=2024 ; extra == 'test'
  - pytest-randomly ; extra == 'test-randomorder'
  - sphinx>=5.3.0 ; extra == 'docs'
  - sphinx-rtd-theme>=3.0.0 ; python_full_version >= '3.8' and extra == 'docs'
  - sphinx-inline-tabs ; python_full_version >= '3.8' and extra == 'docs'
  - pyenchant>=3 ; extra == 'docstest'
  - readme-renderer>=30.0 ; extra == 'docstest'
  - sphinxcontrib-spelling>=7.3.1 ; extra == 'docstest'
  - build>=1.0.0 ; extra == 'sdist'
  - ruff>=0.3.6 ; extra == 'pep8test'
  - mypy>=1.4 ; extra == 'pep8test'
  - check-sdist ; python_full_version >= '3.8' and extra == 'pep8test'
  - click>=8.0.1 ; extra == 'pep8test'
  requires_python: '>=3.7,!=3.9.0,!=3.9.1'
- pypi: https://files.pythonhosted.org/packages/8c/29/2793d178d0eda1ca4a09a7c4e09a5185e75738cc6d526433e8663b460ea6/cryptography-45.0.6-cp311-abi3-macosx_10_9_universal2.whl
  name: cryptography
  version: 45.0.6
  sha256: 048e7ad9e08cf4c0ab07ff7f36cc3115924e22e2266e034450a890d9e312dd74
  requires_dist:
  - cffi>=1.14 ; platform_python_implementation != 'PyPy'
  - bcrypt>=3.1.5 ; extra == 'ssh'
  - nox>=2024.4.15 ; extra == 'nox'
  - nox[uv]>=2024.3.2 ; python_full_version >= '3.8' and extra == 'nox'
  - cryptography-vectors==45.0.6 ; extra == 'test'
  - pytest>=7.4.0 ; extra == 'test'
  - pytest-benchmark>=4.0 ; extra == 'test'
  - pytest-cov>=2.10.1 ; extra == 'test'
  - pytest-xdist>=3.5.0 ; extra == 'test'
  - pretend>=0.7 ; extra == 'test'
  - certifi>=2024 ; extra == 'test'
  - pytest-randomly ; extra == 'test-randomorder'
  - sphinx>=5.3.0 ; extra == 'docs'
  - sphinx-rtd-theme>=3.0.0 ; python_full_version >= '3.8' and extra == 'docs'
  - sphinx-inline-tabs ; python_full_version >= '3.8' and extra == 'docs'
  - pyenchant>=3 ; extra == 'docstest'
  - readme-renderer>=30.0 ; extra == 'docstest'
  - sphinxcontrib-spelling>=7.3.1 ; extra == 'docstest'
  - build>=1.0.0 ; extra == 'sdist'
  - ruff>=0.3.6 ; extra == 'pep8test'
  - mypy>=1.4 ; extra == 'pep8test'
  - check-sdist ; python_full_version >= '3.8' and extra == 'pep8test'
  - click>=8.0.1 ; extra == 'pep8test'
  requires_python: '>=3.7,!=3.9.0,!=3.9.1'
- pypi: https://files.pythonhosted.org/packages/7e/94/4f3057d92c8e16db8c48ade626dcabb172031756bcee3a29c4bd614f4ff3/esptool-5.0.1.tar.gz
  name: esptool
  version: 5.0.1
  sha256: 2ad7cae469e4356a2a3087c385343ade7b0c0cd68ffe5b934d9e595d74e3bac9
  requires_dist:
  - bitstring>=3.1.6,!=4.2.0
  - cryptography>=43.0.0
  - pyserial>=3.3
  - reedsolo>=1.5.3,<1.8
  - pyyaml>=5.1
  - intelhex
  - rich-click
  - click<8.2.0
  - pyelftools ; extra == 'dev'
  - coverage~=6.0 ; extra == 'dev'
  - pre-commit ; extra == 'dev'
  - pytest ; extra == 'dev'
  - pytest-rerunfailures ; extra == 'dev'
  - requests ; extra == 'dev'
  - czespressif ; extra == 'dev'
  - python-pkcs11 ; extra == 'hsm'
  - esp-docs~=1.10 ; extra == 'docs'
  - sphinx-tabs ; extra == 'docs'
  requires_python: '>=3.10'
- conda: https://conda.anaconda.org/conda-forge/osx-arm64/icu-75.1-hfee45f7_0.conda
  sha256: 9ba12c93406f3df5ab0a43db8a4b4ef67a5871dfd401010fbe29b218b2cbe620
  md5: 5eb22c1d7b3fc4abb50d92d621583137
  depends:
  - __osx >=11.0
  license: MIT
  license_family: MIT
  purls: []
  size: 11857802
  timestamp: 1720853997952
- pypi: https://files.pythonhosted.org/packages/97/78/79461288da2b13ed0a13deb65c4ad1428acb674b95278fa9abf1cefe62a2/intelhex-2.3.0-py2.py3-none-any.whl
  name: intelhex
  version: 2.3.0
  sha256: 87cc5225657524ec6361354be928adfd56bcf2a3dcc646c40f8f094c39c07db4
- conda: https://conda.anaconda.org/conda-forge/linux-64/ld_impl_linux-64-2.44-h1423503_1.conda
  sha256: 1a620f27d79217c1295049ba214c2f80372062fd251b569e9873d4a953d27554
  md5: 0be7c6e070c19105f966d3758448d018
  depends:
  - __glibc >=2.17,<3.0.a0
  constrains:
  - binutils_impl_linux-64 2.44
  license: GPL-3.0-only
  license_family: GPL
  purls: []
  size: 676044
  timestamp: 1752032747103
- conda: https://conda.anaconda.org/conda-forge/linux-64/libexpat-2.7.1-hecca717_0.conda
  sha256: da2080da8f0288b95dd86765c801c6e166c4619b910b11f9a8446fb852438dc2
  md5: 4211416ecba1866fab0c6470986c22d6
  depends:
  - __glibc >=2.17,<3.0.a0
  - libgcc >=14
  constrains:
  - expat 2.7.1.*
  license: MIT
  license_family: MIT
  purls: []
  size: 74811
  timestamp: 1752719572741
- conda: https://conda.anaconda.org/conda-forge/osx-arm64/libexpat-2.7.1-hec049ff_0.conda
  sha256: 8fbb17a56f51e7113ed511c5787e0dec0d4b10ef9df921c4fd1cccca0458f648
  md5: b1ca5f21335782f71a8bd69bdc093f67
  depends:
  - __osx >=11.0
  constrains:
  - expat 2.7.1.*
  license: MIT
  license_family: MIT
  purls: []
  size: 65971
  timestamp: 1752719657566
- conda: https://conda.anaconda.org/conda-forge/linux-64/libffi-3.4.6-h2dba641_1.conda
  sha256: 764432d32db45466e87f10621db5b74363a9f847d2b8b1f9743746cd160f06ab
  md5: ede4673863426c0883c0063d853bbd85
  depends:
  - __glibc >=2.17,<3.0.a0
  - libgcc >=13
  license: MIT
  license_family: MIT
  purls: []
  size: 57433
  timestamp: 1743434498161
- conda: https://conda.anaconda.org/conda-forge/osx-arm64/libffi-3.4.6-h1da3d7d_1.conda
  sha256: c6a530924a9b14e193ea9adfe92843de2a806d1b7dbfd341546ece9653129e60
  md5: c215a60c2935b517dcda8cad4705734d
  depends:
  - __osx >=11.0
  license: MIT
  license_family: MIT
  purls: []
  size: 39839
  timestamp: 1743434670405
- conda: https://conda.anaconda.org/conda-forge/linux-64/libgcc-15.1.0-h767d61c_4.conda
  sha256: 144e35c1c2840f2dc202f6915fc41879c19eddbb8fa524e3ca4aa0d14018b26f
  md5: f406dcbb2e7bef90d793e50e79a2882b
  depends:
  - __glibc >=2.17,<3.0.a0
  - _openmp_mutex >=4.5
  constrains:
  - libgcc-ng ==15.1.0=*_4
  - libgomp 15.1.0 h767d61c_4
  license: GPL-3.0-only WITH GCC-exception-3.1
  license_family: GPL
  purls: []
  size: 824153
  timestamp: 1753903866511
- conda: https://conda.anaconda.org/conda-forge/linux-64/libgcc-ng-15.1.0-h69a702a_4.conda
  sha256: 76ceac93ed98f208363d6e9c75011b0ff7b97b20f003f06461a619557e726637
  md5: 28771437ffcd9f3417c66012dc49a3be
  depends:
  - libgcc 15.1.0 h767d61c_4
  license: GPL-3.0-only WITH GCC-exception-3.1
  license_family: GPL
  purls: []
  size: 29249
  timestamp: 1753903872571
- conda: https://conda.anaconda.org/conda-forge/linux-64/libgomp-15.1.0-h767d61c_4.conda
  sha256: e0487a8fec78802ac04da0ac1139c3510992bc58a58cde66619dde3b363c2933
  md5: 3baf8976c96134738bba224e9ef6b1e5
  depends:
  - __glibc >=2.17,<3.0.a0
  license: GPL-3.0-only WITH GCC-exception-3.1
  license_family: GPL
  purls: []
  size: 447289
  timestamp: 1753903801049
- conda: https://conda.anaconda.org/conda-forge/linux-64/liblzma-5.8.1-hb9d3cd8_2.conda
  sha256: f2591c0069447bbe28d4d696b7fcb0c5bd0b4ac582769b89addbcf26fb3430d8
  md5: 1a580f7796c7bf6393fddb8bbbde58dc
  depends:
  - __glibc >=2.17,<3.0.a0
  - libgcc >=13
  constrains:
  - xz 5.8.1.*
  license: 0BSD
  purls: []
  size: 112894
  timestamp: 1749230047870
- conda: https://conda.anaconda.org/conda-forge/osx-arm64/liblzma-5.8.1-h39f12f2_2.conda
  sha256: 0cb92a9e026e7bd4842f410a5c5c665c89b2eb97794ffddba519a626b8ce7285
  md5: d6df911d4564d77c4374b02552cb17d1
  depends:
  - __osx >=11.0
  constrains:
  - xz 5.8.1.*
  license: 0BSD
  purls: []
  size: 92286
  timestamp: 1749230283517
- conda: https://conda.anaconda.org/conda-forge/linux-64/libmpdec-4.0.0-hb9d3cd8_0.conda
  sha256: 3aa92d4074d4063f2a162cd8ecb45dccac93e543e565c01a787e16a43501f7ee
  md5: c7e925f37e3b40d893459e625f6a53f1
  depends:
  - __glibc >=2.17,<3.0.a0
  - libgcc >=13
  license: BSD-2-Clause
  license_family: BSD
  purls: []
  size: 91183
  timestamp: 1748393666725
- conda: https://conda.anaconda.org/conda-forge/osx-arm64/libmpdec-4.0.0-h5505292_0.conda
  sha256: 0a1875fc1642324ebd6c4ac864604f3f18f57fbcf558a8264f6ced028a3c75b2
  md5: 85ccccb47823dd9f7a99d2c7f530342f
  depends:
  - __osx >=11.0
  license: BSD-2-Clause
  license_family: BSD
  purls: []
  size: 71829
  timestamp: 1748393749336
- conda: https://conda.anaconda.org/conda-forge/linux-64/libsqlite-3.50.4-h0c1763c_0.conda
  sha256: 6d9c32fc369af5a84875725f7ddfbfc2ace795c28f246dc70055a79f9b2003da
  md5: 0b367fad34931cb79e0d6b7e5c06bb1c
  depends:
  - __glibc >=2.17,<3.0.a0
  - libgcc >=14
  - libzlib >=1.3.1,<2.0a0
  license: blessing
  purls: []
  size: 932581
  timestamp: 1753948484112
- conda: https://conda.anaconda.org/conda-forge/osx-arm64/libsqlite-3.50.4-h4237e3c_0.conda
  sha256: 802ebe62e6bc59fc26b26276b793e0542cfff2d03c086440aeaf72fb8bbcec44
  md5: 1dcb0468f5146e38fae99aef9656034b
  depends:
  - __osx >=11.0
  - icu >=75.1,<76.0a0
  - libzlib >=1.3.1,<2.0a0
  license: blessing
  purls: []
  size: 902645
  timestamp: 1753948599139
- conda: https://conda.anaconda.org/conda-forge/linux-64/libuuid-2.38.1-h0b41bf4_0.conda
  sha256: 787eb542f055a2b3de553614b25f09eefb0a0931b0c87dbcce6efdfd92f04f18
  md5: 40b61aab5c7ba9ff276c41cfffe6b80b
  depends:
  - libgcc-ng >=12
  license: BSD-3-Clause
  license_family: BSD
  purls: []
  size: 33601
  timestamp: 1680112270483
- conda: https://conda.anaconda.org/conda-forge/linux-64/libzlib-1.3.1-hb9d3cd8_2.conda
  sha256: d4bfe88d7cb447768e31650f06257995601f89076080e76df55e3112d4e47dc4
  md5: edb0dca6bc32e4f4789199455a1dbeb8
  depends:
  - __glibc >=2.17,<3.0.a0
  - libgcc >=13
  constrains:
  - zlib 1.3.1 *_2
  license: Zlib
  license_family: Other
  purls: []
  size: 60963
  timestamp: 1727963148474
- conda: https://conda.anaconda.org/conda-forge/osx-arm64/libzlib-1.3.1-h8359307_2.conda
  sha256: ce34669eadaba351cd54910743e6a2261b67009624dbc7daeeafdef93616711b
  md5: 369964e85dc26bfe78f41399b366c435
  depends:
  - __osx >=11.0
  constrains:
  - zlib 1.3.1 *_2
  license: Zlib
  license_family: Other
  purls: []
  size: 46438
  timestamp: 1727963202283
- pypi: https://files.pythonhosted.org/packages/94/54/e7d793b573f298e1c9013b8c4dade17d481164aa517d1d7148619c2cedbf/markdown_it_py-4.0.0-py3-none-any.whl
  name: markdown-it-py
  version: 4.0.0
  sha256: 87327c59b172c5011896038353a81343b6754500a08cd7a4973bb48c6d578147
  requires_dist:
  - mdurl~=0.1
  - psutil ; extra == 'benchmarking'
  - pytest ; extra == 'benchmarking'
  - pytest-benchmark ; extra == 'benchmarking'
  - commonmark~=0.9 ; extra == 'compare'
  - markdown~=3.4 ; extra == 'compare'
  - mistletoe~=1.0 ; extra == 'compare'
  - mistune~=3.0 ; extra == 'compare'
  - panflute~=2.3 ; extra == 'compare'
  - markdown-it-pyrs ; extra == 'compare'
  - linkify-it-py>=1,<3 ; extra == 'linkify'
  - mdit-py-plugins>=0.5.0 ; extra == 'plugins'
  - gprof2dot ; extra == 'profiling'
  - mdit-py-plugins>=0.5.0 ; extra == 'rtd'
  - myst-parser ; extra == 'rtd'
  - pyyaml ; extra == 'rtd'
  - sphinx ; extra == 'rtd'
  - sphinx-copybutton ; extra == 'rtd'
  - sphinx-design ; extra == 'rtd'
  - sphinx-book-theme~=1.0 ; extra == 'rtd'
  - jupyter-sphinx ; extra == 'rtd'
  - ipykernel ; extra == 'rtd'
  - coverage ; extra == 'testing'
  - pytest ; extra == 'testing'
  - pytest-cov ; extra == 'testing'
  - pytest-regressions ; extra == 'testing'
  - requests ; extra == 'testing'
  requires_python: '>=3.10'
- pypi: https://files.pythonhosted.org/packages/b3/38/89ba8ad64ae25be8de66a6d463314cf1eb366222074cfda9ee839c56a4b4/mdurl-0.1.2-py3-none-any.whl
  name: mdurl
  version: 0.1.2
  sha256: 84008a41e51615a49fc9966191ff91509e3c40b939176e643fd50a5c2196b8f8
  requires_python: '>=3.7'
- pypi: https://files.pythonhosted.org/packages/ff/77/d43d7bf9aa637c7b2788c48fc4eb131a9bb4cb24568297453c2537fd621d/mpremote-1.25.0-py3-none-any.whl
  name: mpremote
  version: 1.25.0
  sha256: 42691ff8f7ea4b5f2fc1b51de99609995d383671a4b4d4daad8cbd486d26aa23
  requires_dist:
  - importlib-metadata>=1.4 ; python_full_version < '3.8'
  - pyserial>=3.3
  requires_python: '>=3.4'
- pypi: https://files.pythonhosted.org/packages/d5/2d/815550c13704f75894c5aba27724038dff602ec34269eafa44485a8d2c42/mpy_cross-1.23.0-py2.py3-none-macosx_11_0_universal2.whl
  name: mpy-cross
  version: 1.23.0
  sha256: 3f951506e792032117caacb2a891159b469e028baa872971f393cbf6a6949ff1
- pypi: https://files.pythonhosted.org/packages/de/5d/e874654a6b418f1359d79f0111c53355834a73a18d175c9294ff8081feba/mpy_cross-1.23.0-py2.py3-none-manylinux1_x86_64.whl
  name: mpy-cross
  version: 1.23.0
  sha256: cad720b8e56e3faac24bb2993262b2ef88b3163989bbbc5bf89d9d85aac5f56c
- conda: https://conda.anaconda.org/conda-forge/linux-64/ncurses-6.5-h2d0b736_3.conda
  sha256: 3fde293232fa3fca98635e1167de6b7c7fda83caf24b9d6c91ec9eefb4f4d586
  md5: 47e340acb35de30501a76c7c799c41d7
  depends:
  - __glibc >=2.17,<3.0.a0
  - libgcc >=13
  license: X11 AND BSD-3-Clause
  purls: []
  size: 891641
  timestamp: 1738195959188
- conda: https://conda.anaconda.org/conda-forge/osx-arm64/ncurses-6.5-h5e97a16_3.conda
  sha256: 2827ada40e8d9ca69a153a45f7fd14f32b2ead7045d3bbb5d10964898fe65733
  md5: 068d497125e4bf8a66bf707254fff5ae
  depends:
  - __osx >=11.0
  license: X11 AND BSD-3-Clause
  purls: []
  size: 797030
  timestamp: 1738196177597
- conda: https://conda.anaconda.org/conda-forge/linux-64/openssl-3.5.2-h26f9b46_0.conda
  sha256: c9f54d4e8212f313be7b02eb962d0cb13a8dae015683a403d3accd4add3e520e
  md5: ffffb341206dd0dab0c36053c048d621
  depends:
  - __glibc >=2.17,<3.0.a0
  - ca-certificates
  - libgcc >=14
  license: Apache-2.0
  license_family: Apache
  purls: []
  size: 3128847
  timestamp: 1754465526100
- conda: https://conda.anaconda.org/conda-forge/osx-arm64/openssl-3.5.2-he92f556_0.conda
  sha256: f6d1c87dbcf7b39fad24347570166dade1c533ae2d53c60a70fa4dc874ef0056
  md5: bcb0d87dfbc199d0a461d2c7ca30b3d8
  depends:
  - __osx >=11.0
  - ca-certificates
  license: Apache-2.0
  license_family: Apache
  purls: []
  size: 3074848
  timestamp: 1754465710470
- pypi: https://files.pythonhosted.org/packages/13/a3/a812df4e2dd5696d1f351d58b8fe16a405b234ad2886a0dab9183fb78109/pycparser-2.22-py3-none-any.whl
  name: pycparser
  version: '2.22'
  sha256: c3702b6d3dd8c7abc1afa565d7e63d53a1d0bd86cdc24edd75470f4de499cfcc
  requires_python: '>=3.8'
- pypi: https://files.pythonhosted.org/packages/c7/21/705964c7812476f378728bdf590ca4b771ec72385c533964653c68e86bdc/pygments-2.19.2-py3-none-any.whl
  name: pygments
  version: 2.19.2
  sha256: 86540386c03d588bb81d44bc3928634ff26449851e99741617ecb9037ee5ec0b
  requires_dist:
  - colorama>=0.4.6 ; extra == 'windows-terminal'
  requires_python: '>=3.8'
- pypi: https://files.pythonhosted.org/packages/07/bc/587a445451b253b285629263eb51c2d8e9bcea4fc97826266d186f96f558/pyserial-3.5-py2.py3-none-any.whl
  name: pyserial
  version: '3.5'
  sha256: c4451db6ba391ca6ca299fb3ec7bae67a5c55dde170964c7a14ceefec02f2cf0
  requires_dist:
  - hidapi ; extra == 'cp2110'
- conda: https://conda.anaconda.org/conda-forge/linux-64/python-3.13.5-hec9711d_102_cp313.conda
  build_number: 102
  sha256: c2cdcc98ea3cbf78240624e4077e164dc9d5588eefb044b4097c3df54d24d504
  md5: 89e07d92cf50743886f41638d58c4328
  depends:
  - __glibc >=2.17,<3.0.a0
  - bzip2 >=1.0.8,<2.0a0
  - ld_impl_linux-64 >=2.36.1
  - libexpat >=2.7.0,<3.0a0
  - libffi >=3.4.6,<3.5.0a0
  - libgcc >=13
  - liblzma >=5.8.1,<6.0a0
  - libmpdec >=4.0.0,<5.0a0
  - libsqlite >=3.50.1,<4.0a0
  - libuuid >=2.38.1,<3.0a0
  - libzlib >=1.3.1,<2.0a0
  - ncurses >=6.5,<7.0a0
  - openssl >=3.5.0,<4.0a0
  - python_abi 3.13.* *_cp313
  - readline >=8.2,<9.0a0
  - tk >=8.6.13,<8.7.0a0
  - tzdata
  license: Python-2.0
  purls: []
  size: 33273132
  timestamp: 1750064035176
  python_site_packages_path: lib/python3.13/site-packages
- conda: https://conda.anaconda.org/conda-forge/osx-arm64/python-3.13.5-hf3f3da0_102_cp313.conda
  build_number: 102
  sha256: ee1b09fb5563be8509bb9b29b2b436a0af75488b5f1fa6bcd93fe0fba597d13f
  md5: 123b7f04e7b8d6fc206cf2d3466f8a4b
  depends:
  - __osx >=11.0
  - bzip2 >=1.0.8,<2.0a0
  - libexpat >=2.7.0,<3.0a0
  - libffi >=3.4.6,<3.5.0a0
  - liblzma >=5.8.1,<6.0a0
  - libmpdec >=4.0.0,<5.0a0
  - libsqlite >=3.50.1,<4.0a0
  - libzlib >=1.3.1,<2.0a0
  - ncurses >=6.5,<7.0a0
  - openssl >=3.5.0,<4.0a0
  - python_abi 3.13.* *_cp313
  - readline >=8.2,<9.0a0
  - tk >=8.6.13,<8.7.0a0
  - tzdata
  license: Python-2.0
  purls: []
  size: 12931515
  timestamp: 1750062475020
  python_site_packages_path: lib/python3.13/site-packages
- conda: https://conda.anaconda.org/conda-forge/noarch/python_abi-3.13-8_cp313.conda
  build_number: 8
  sha256: 210bffe7b121e651419cb196a2a63687b087497595c9be9d20ebe97dd06060a7
  md5: 94305520c52a4aa3f6c2b1ff6008d9f8
  constrains:
  - python 3.13.* *_cp313
  license: BSD-3-Clause
  license_family: BSD
  purls: []
  size: 7002
  timestamp: 1752805902938
- pypi: https://files.pythonhosted.org/packages/04/24/b7721e4845c2f162d26f50521b825fb061bc0a5afcf9a386840f23ea19fa/PyYAML-6.0.2-cp313-cp313-manylinux_2_17_x86_64.manylinux2014_x86_64.whl
  name: pyyaml
  version: 6.0.2
  sha256: 70b189594dbe54f75ab3a1acec5f1e3faa7e8cf2f1e08d9b561cb41b845f69d5
  requires_python: '>=3.8'
- pypi: https://files.pythonhosted.org/packages/45/9f/3b1c20a0b7a3200524eb0076cc027a970d320bd3a6592873c85c92a08731/PyYAML-6.0.2-cp313-cp313-macosx_11_0_arm64.whl
  name: pyyaml
  version: 6.0.2
  sha256: 50187695423ffe49e2deacb8cd10510bc361faac997de9efef88badc3bb9e2d1
  requires_python: '>=3.8'
- conda: https://conda.anaconda.org/conda-forge/linux-64/readline-8.2-h8c095d6_2.conda
  sha256: 2d6d0c026902561ed77cd646b5021aef2d4db22e57a5b0178dfc669231e06d2c
  md5: 283b96675859b20a825f8fa30f311446
  depends:
  - libgcc >=13
  - ncurses >=6.5,<7.0a0
  license: GPL-3.0-only
  license_family: GPL
  purls: []
  size: 282480
  timestamp: 1740379431762
- conda: https://conda.anaconda.org/conda-forge/osx-arm64/readline-8.2-h1d1bf99_2.conda
  sha256: 7db04684d3904f6151eff8673270922d31da1eea7fa73254d01c437f49702e34
  md5: 63ef3f6e6d6d5c589e64f11263dc5676
  depends:
  - ncurses >=6.5,<7.0a0
  license: GPL-3.0-only
  license_family: GPL
  purls: []
  size: 252359
  timestamp: 1740379663071
- pypi: https://files.pythonhosted.org/packages/09/19/1bb346c0e581557c88946d2bb979b2bee8992e72314cfb418b5440e383db/reedsolo-1.7.0-py3-none-any.whl
  name: reedsolo
  version: 1.7.0
  sha256: 2b6a3e402a1ee3e1eea3f932f81e6c0b7bbc615588074dca1dbbcdeb055002bd
- pypi: https://files.pythonhosted.org/packages/e3/30/3c4d035596d3cf444529e0b2953ad0466f6049528a879d27534700580395/rich-14.1.0-py3-none-any.whl
  name: rich
  version: 14.1.0
  sha256: 536f5f1785986d6dbdea3c75205c473f970777b4a0d6c6dd1b696aa05a3fa04f
  requires_dist:
  - ipywidgets>=7.5.1,<9 ; extra == 'jupyter'
  - markdown-it-py>=2.2.0
  - pygments>=2.13.0,<3.0.0
  requires_python: '>=3.8.0'
- pypi: https://files.pythonhosted.org/packages/b6/c2/9fce4c8a9587c4e90500114d742fe8ef0fd92d7bad29d136bb9941add271/rich_click-1.8.9-py3-none-any.whl
  name: rich-click
  version: 1.8.9
  sha256: c3fa81ed8a671a10de65a9e20abf642cfdac6fdb882db1ef465ee33919fbcfe2
  requires_dist:
  - click>=7
  - importlib-metadata ; python_full_version < '3.8'
  - rich>=10.7
  - typing-extensions>=4
  - mypy ; extra == 'dev'
  - packaging ; extra == 'dev'
  - pre-commit ; extra == 'dev'
  - pytest ; extra == 'dev'
  - pytest-cov ; extra == 'dev'
  - rich-codex ; extra == 'dev'
  - ruff ; extra == 'dev'
  - types-setuptools ; extra == 'dev'
  - markdown-include ; extra == 'docs'
  - mkdocs ; extra == 'docs'
  - mkdocs-glightbox ; extra == 'docs'
  - mkdocs-material[imaging]~=9.5.18 ; extra == 'docs'
  - mkdocs-material-extensions ; extra == 'docs'
  - mkdocs-rss-plugin ; extra == 'docs'
  - mkdocstrings[python] ; extra == 'docs'
  - rich-codex ; extra == 'docs'
  requires_python: '>=3.7'
- conda: https://conda.anaconda.org/conda-forge/linux-64/tk-8.6.13-noxft_hd72426e_102.conda
  sha256: a84ff687119e6d8752346d1d408d5cf360dee0badd487a472aa8ddedfdc219e1
  md5: a0116df4f4ed05c303811a837d5b39d8
  depends:
  - __glibc >=2.17,<3.0.a0
  - libgcc >=13
  - libzlib >=1.3.1,<2.0a0
  license: TCL
  license_family: BSD
  purls: []
  size: 3285204
  timestamp: 1748387766691
- conda: https://conda.anaconda.org/conda-forge/osx-arm64/tk-8.6.13-h892fb3f_2.conda
  sha256: cb86c522576fa95c6db4c878849af0bccfd3264daf0cc40dd18e7f4a7bfced0e
  md5: 7362396c170252e7b7b0c8fb37fe9c78
  depends:
  - __osx >=11.0
  - libzlib >=1.3.1,<2.0a0
  license: TCL
  license_family: BSD
  purls: []
  size: 3125538
  timestamp: 1748388189063
- pypi: https://files.pythonhosted.org/packages/b5/00/d631e67a838026495268c2f6884f3711a15a9a2a96cd244fdaea53b823fb/typing_extensions-4.14.1-py3-none-any.whl
  name: typing-extensions
  version: 4.14.1
  sha256: d1e1e3b58374dc93031d6eda2420a48ea44a36c2b4766a4fdeb3710755731d76
  requires_python: '>=3.9'
- conda: https://conda.anaconda.org/conda-forge/noarch/tzdata-2025b-h78e105d_0.conda
  sha256: 5aaa366385d716557e365f0a4e9c3fca43ba196872abbbe3d56bb610d131e192
  md5: 4222072737ccff51314b5ece9c7d6f5a
  license: LicenseRef-Public-Domain
  purls: []
  size: 122968
  timestamp: 1742727099393
